
Microsoft Visual Studio Solution File, Format Version 12.00
# Visual Studio Version 17
VisualStudioVersion = 17.14.37012.4
MinimumVisualStudioVersion = 10.0.40219.1
Project("{FAE04EC0-301F-11D3-BF4B-00C04F79EFBC}") = "DecentralizedChat.Shared", "DecentralizedChat.Shared\DecentralizedChat.Shared.csproj", "{7FEE6F7C-6C53-61D4-B753-F83ABCF65F42}"
EndProject
Project("{FAE04EC0-301F-11D3-BF4B-00C04F79EFBC}") = "DecentralizedChat.RegistryServer", "DecentralizedChat.RegistryServer\DecentralizedChat.RegistryServer.csproj", "{688BC1C8-2C77-36F8-757B-B388B020A799}"
EndProject
Project("{FAE04EC0-301F-11D3-BF4B-00C04F79EFBC}") = "DecentralizedChat.PeerNode", "DecentralizedChat.PeerNode\DecentralizedChat.PeerNode.csproj", "{0374B099-2ADD-2F01-71D3-7A98079EEAE7}"
EndProject
Global
	GlobalSection(SolutionConfigurationPlatforms) = preSolution
		Debug|Any CPU = Debug|Any CPU
		Release|Any CPU = Release|Any CPU
	EndGlobalSection
	GlobalSection(ProjectConfigurationPlatforms) = postSolution
		{7FEE6F7C-6C53-61D4-B753-F83ABCF65F42}.Debug|Any CPU.ActiveCfg = Debug|Any CPU
		{7FEE6F7C-6C53-61D4-B753-F83ABCF65F42}.Debug|Any CPU.Build.0 = Debug|Any CPU
		{7FEE6F7C-6C53-61D4-B753-F83ABCF65F42}.Release|Any CPU.ActiveCfg = Release|Any CPU
		{7FEE6F7C-6C53-61D4-B753-F83ABCF65F42}.Release|Any CPU.Build.0 = Release|Any CPU
		{688BC1C8-2C77-36F8-757B-B388B020A799}.Debug|Any CPU.ActiveCfg = Debug|Any CPU
		{688BC1C8-2C77-36F8-757B-B388B020A799}.Debug|Any CPU.Build.0 = Debug|Any CPU
		{688BC1C8-2C77-36F8-757B-B388B020A799}.Release|Any CPU.ActiveCfg = Release|Any CPU
		{688BC1C8-2C77-36F8-757B-B388B020A799}.Release|Any CPU.Build.0 = Release|Any CPU
		{0374B099-2ADD-2F01-71D3-7A98079EEAE7}.Debug|Any CPU.ActiveCfg = Debug|Any CPU
		{0374B099-2ADD-2F01-71D3-7A98079EEAE7}.Debug|Any CPU.Build.0 = Debug|Any CPU
		{0374B099-2ADD-2F01-71D3-7A98079EEAE7}.Release|Any CPU.ActiveCfg = Release|Any CPU
		{0374B099-2ADD-2F01-71D3-7A98079EEAE7}.Release|Any CPU.Build.0 = Release|Any CPU
	EndGlobalSection
	GlobalSection(SolutionProperties) = preSolution
		HideSolutionNode = FALSE
	EndGlobalSection
	GlobalSection(ExtensibilityGlobals) = postSolution
		SolutionGuid = {02D127A8-7455-4194-8863-976ECA94FE72}
	EndGlobalSection
EndGlobal
